
Microsoft Visual Studio Solution File, Format Version 12.00
# Visual Studio Version 16
VisualStudioVersion = 16.0.30907.101
MinimumVisualStudioVersion = 10.0.40219.1
Project("{FAE04EC0-301F-11D3-BF4B-00C04F79EFBC}") = "MinesweeprGUI.ver1", "MinesweeprGUI.ver1\MinesweeprGUI.ver1.csproj", "{49B882A2-FC1A-4B51-8ACE-D410B282FF79}"
EndProject
Global
	GlobalSection(SolutionConfigurationPlatforms) = preSolution
		Debug|Any CPU = Debug|Any CPU
		Release|Any CPU = Release|Any CPU
	EndGlobalSection
	GlobalSection(ProjectConfigurationPlatforms) = postSolution
		{49B882A2-FC1A-4B51-8ACE-D410B282FF79}.Debug|Any CPU.ActiveCfg = Debug|Any CPU
		{49B882A2-FC1A-4B51-8ACE-D410B282FF79}.Debug|Any CPU.Build.0 = Debug|Any CPU
		{49B882A2-FC1A-4B51-8ACE-D410B282FF79}.Release|Any CPU.ActiveCfg = Release|Any CPU
		{49B882A2-FC1A-4B51-8ACE-D410B282FF79}.Release|Any CPU.Build.0 = Release|Any CPU
	EndGlobalSection
	GlobalSection(SolutionProperties) = preSolution
		HideSolutionNode = FALSE
	EndGlobalSection
	GlobalSection(ExtensibilityGlobals) = postSolution
		SolutionGuid = {EDBDBC15-A969-4230-8B1C-3FA69AC059DD}
	EndGlobalSection
EndGlobal
